github.com/armon/go-socks5 v0.0.0-20160902184237-e75332964ef5 h1:0CwZNZbxp69SHPdPJAN/hZIm0C4OItdklCFmMRWYpio=
github.com/armon/go-socks5 v0.0.0-20160902184237-e75332964ef5/go.mod h1:wHh0iHkYZB8zMSxRWpUBQtwG5a7fFgvEO+odwuTv2gs=
golang.org/x/net v0.0.0-20220930213112-107f3e3c3b0b h1:uKO3Js8lXGjpjdc4J3rqs0/Ex5yDKUGfk43tTYWVLas=
golang.org/x/net v0.0.0-20220930213112-107f3e3c3b0b/go.mod h1:YDH+HFinaLZZlnHAfSS6ZXJJ9M9t4Dl22yv3iI2vPwk=
